#MicroXplorer Configuration settings - do not modify
Mcu.Family=STM32F4
ProjectManager.MainLocation=Core/Src
USB_DEVICE.CLASS_NAME_FS=CDC
PH0-OSC_IN.Signal=RCC_OSC_IN
USART2.IPParameters=VirtualMode,BaudRate
RCC.CortexFreq_Value=72000000
ProjectManager.KeepUserCode=true
PB10.GPIO_Speed=GPIO_SPEED_FREQ_VERY_HIGH
Mcu.UserName=STM32F405RGTx
SPI1.VirtualType=VM_MASTER
PB6.GPIO_Mode=GPIO_MODE_AF_OD
SPI2.VirtualType=VM_MASTER
PB10.Mode=I2C
USART1.BaudRate=9600
RCC.PLLCLKFreq_Value=72000000
RCC.PLLQCLKFreq_Value=48000000
PC5.Locked=true
ProjectManager.functionlistsort=1-MX_GPIO_Init-GPIO-false-HAL-true,2-MX_DMA_Init-DMA-false-HAL-true,3-SystemClock_Config-RCC-false-HAL-false,4-MX_I2C1_Init-I2C1-false-HAL-true,5-MX_I2C2_Init-I2C2-false-HAL-true,6-MX_USART1_UART_Init-USART1-false-HAL-true,7-MX_ADC1_Init-ADC1-false-HAL-true,8-MX_TIM2_Init-TIM2-false-HAL-true,9-MX_TIM3_Init-TIM3-false-HAL-true,10-MX_TIM4_Init-TIM4-false-HAL-true,11-MX_SPI1_Init-SPI1-false-HAL-true,12-MX_SPI2_Init-SPI2-false-HAL-true,13-MX_USART2_UART_Init-USART2-false-HAL-true,14-MX_USB_DEVICE_Init-USB_DEVICE-false-HAL-false,15-MX_FATFS_Init-FATFS-false-HAL-false
PA11.Mode=Device_Only
RCC.RTCFreq_Value=32000
USB_DEVICE.VirtualMode-CDC_FS=Cdc
USART1.IPParameters=VirtualMode,BaudRate
PB11.Signal=I2C2_SDA
PB13.Signal=SPI2_SCK
PB15.Signal=SPI2_MOSI
PinOutPanel.RotationAngle=0
TIM3.Channel-PWM\ Generation4\ CH4=TIM_CHANNEL_4
TIM4.TIM_MasterOutputTrigger=TIM_TRGO_UPDATE
RCC.SYSCLKSource=RCC_SYSCLKSOURCE_PLLCLK
ProjectManager.StackSize=0x400
SH.GPXTI2.0=GPIO_EXTI2
PB11.GPIO_Speed=GPIO_SPEED_FREQ_VERY_HIGH
Mcu.IP4=I2C2
Mcu.IP5=NVIC
RCC.FCLKCortexFreq_Value=72000000
Mcu.IP2=FATFS
NVIC.SVCall_IRQn=true\:0\:0\:false\:false\:true\:false\:false
PB7.GPIO_Mode=GPIO_MODE_AF_OD
Mcu.IP3=I2C1
PA15.GPIO_Label=SD_CS
Mcu.IP0=ADC1
PA12.Locked=true
Mcu.IP1=DMA
PA12.Signal=USB_OTG_FS_DP
Mcu.UserConstants=
SH.S_TIM3_CH2.ConfNb=1
Mcu.ThirdPartyNb=0
SPI1.Direction=SPI_DIRECTION_2LINES
RCC.HCLKFreq_Value=72000000
Mcu.IPNb=17
RCC.I2SClocksFreq_Value=192000000
TIM2.IPParameters=Channel-PWM Generation1 CH1,Prescaler,Period
ProjectManager.PreviousToolchain=
RCC.APB2TimFreq_Value=72000000
TIM3.Period=100-1
PB6.Signal=I2C1_SCL
RCC.VcooutputI2S=192000000
ADC1.Channel-2\#ChannelRegularConversion=ADC_CHANNEL_0
PB6.Mode=I2C
SPI1.CalculateBaudRate=562.5 KBits/s
PA8.GPIOParameters=GPIO_Label
Mcu.Pin6=PA3
Mcu.Pin7=PA4
Mcu.Pin8=PA5
Mcu.Pin9=PA6
RCC.AHBFreq_Value=72000000
SPI2.BaudRatePrescaler=SPI_BAUDRATEPRESCALER_128
PH0-OSC_IN.Mode=HSE-External-Oscillator
PB13.Locked=true
Dma.USART1_RX.0.Priority=DMA_PRIORITY_LOW
Mcu.Pin0=PH0-OSC_IN
Mcu.Pin1=PH1-OSC_OUT
TIM3.Channel-PWM\ Generation1\ CH1=TIM_CHANNEL_1
GPIO.groupedBy=Group By Peripherals
Mcu.Pin2=PC2
Mcu.Pin3=PA0-WKUP
Mcu.Pin4=PA1
Mcu.Pin5=PA2
ProjectManager.ProjectBuild=false
RCC.HSE_VALUE=16000000
TIM4.Channel-PWM\ Generation3\ CH3=TIM_CHANNEL_3
NVIC.UsageFault_IRQn=true\:0\:0\:false\:false\:true\:false\:false
NVIC.DebugMonitor_IRQn=true\:0\:0\:false\:false\:true\:false\:false
PA4.GPIO_PuPd=GPIO_NOPULL
PB3.Mode=Full_Duplex_Master
PA8.Locked=true
PA4.Locked=true
Mcu.IP10=TIM2
NVIC.SysTick_IRQn=true\:0\:0\:false\:false\:true\:false\:true
Mcu.IP12=TIM4
Mcu.IP11=TIM3
PB12.GPIO_Label=SPI2_NCS
ProjectManager.FirmwarePackage=STM32Cube FW_F4 V1.26.0
MxDb.Version=DB.6.0.20
ADC1.Rank-2\#ChannelRegularConversion=1
Mcu.IP14=USART2
PB4.Mode=Full_Duplex_Master
Mcu.IP13=USART1
Mcu.IP16=USB_OTG_FS
ProjectManager.BackupPrevious=false
Mcu.IP15=USB_DEVICE
RCC.VCOInputFreq_Value=2000000
PC4.GPIO_Label=GPS_PPS
PA14.Mode=Serial_Wire
SH.ADCx_IN1.ConfNb=1
PB14.Mode=Full_Duplex_Master
TIM3.Prescaler=3200-1
PB5.Mode=Full_Duplex_Master
File.Version=6
SPI2.CalculateBaudRate=281.25 KBits/s
PB7.Signal=I2C1_SDA
PA8.Signal=GPIO_Output
PB8.Locked=true
SH.ADCx_IN0.0=ADC1_IN0,IN0
TIM2.Channel-PWM\ Generation1\ CH1=TIM_CHANNEL_1
SH.ADCx_IN4.ConfNb=1
NVIC.PendSV_IRQn=true\:0\:0\:false\:false\:true\:false\:false
SH.S_TIM3_CH1.0=TIM3_CH1,PWM Generation1 CH1
TIM4.Period=10-1
Dma.USART1_RX.0.MemInc=DMA_MINC_ENABLE
PB6.GPIO_PuPdOD=GPIO_PULLUP
Dma.RequestsNb=1
PB6.GPIOParameters=GPIO_Speed,GPIO_PuPdOD,GPIO_Mode
ProjectManager.HalAssertFull=false
PB0.Locked=true
ProjectManager.ProjectName=Firmware
PH1-OSC_OUT.Mode=HSE-External-Oscillator
RCC.MCO2PinFreq_Value=72000000
Mcu.Package=LQFP64
TIM2.Prescaler=3200-1
PB1.Signal=S_TIM3_CH4
PA6.Signal=S_TIM3_CH1
PA7.Locked=true
PA5.Locked=true
SPI2.Mode=SPI_MODE_MASTER
VP_FATFS_VS_Generic.Signal=FATFS_VS_Generic
USART2.VirtualMode=VM_ASYNC
PA14.Locked=true
NVIC.OTG_FS_IRQn=true\:0\:0\:false\:false\:true\:false\:true
ProjectManager.ToolChainLocation=
RCC.LSI_VALUE=32000
VP_SYS_VS_Systick.Signal=SYS_VS_Systick
Dma.USART1_RX.0.RequestParameters=Instance,Direction,PeriphInc,MemInc,PeriphDataAlignment,MemDataAlignment,Mode,Priority,FIFOMode
PA10.Signal=USART1_RX
USB_OTG_FS.VirtualMode=Device_Only
PA15.Signal=GPIO_Output
VP_USB_DEVICE_VS_USB_DEVICE_CDC_FS.Signal=USB_DEVICE_VS_USB_DEVICE_CDC_FS
Dma.USART1_RX.0.FIFOMode=DMA_FIFOMODE_DISABLE
SH.ADCx_IN1.0=ADC1_IN1
NVIC.DMA2_Stream2_IRQn=true\:0\:0\:false\:false\:true\:false\:true
RCC.APB1TimFreq_Value=72000000
NVIC.BusFault_IRQn=true\:0\:0\:false\:false\:true\:false\:false
PC4.Locked=true
Dma.USART1_RX.0.Mode=DMA_NORMAL
SPI2.Direction=SPI_DIRECTION_2LINES
PC5.Signal=GPIO_Output
USB_OTG_FS.IPParameters=VirtualMode
PB10.GPIOParameters=GPIO_Speed,GPIO_PuPdOD,GPIO_Mode
PB13.Mode=Full_Duplex_Master
PB11.GPIO_Mode=GPIO_MODE_AF_OD
Dma.Request0=USART1_RX
SPI1.BaudRatePrescaler=SPI_BAUDRATEPRESCALER_128
PC2.GPIO_Label=ACC_INT
Dma.USART1_RX.0.Instance=DMA2_Stream2
ProjectManager.CustomerFirmwarePackage=
PC4.GPIOParameters=GPIO_Label
PB15.Locked=true
PB3.Locked=true
PB4.Signal=SPI1_MISO
PA3.Signal=USART2_RX
PB7.GPIO_Speed=GPIO_SPEED_FREQ_VERY_HIGH
PA2.Locked=true
ProjectManager.ProjectFileName=Firmware.ioc
Dma.USART1_RX.0.PeriphDataAlignment=DMA_PDATAALIGN_BYTE
PA10.Mode=Asynchronous
PA15.GPIOParameters=GPIO_Label
Mcu.PinsNb=39
ProjectManager.NoMain=false
SPI1.IPParameters=VirtualType,Mode,Direction,CalculateBaudRate,BaudRatePrescaler
USB_DEVICE.VirtualModeFS=Cdc_FS
ADC1.IPParameters=Rank-2\#ChannelRegularConversion,master,Channel-2\#ChannelRegularConversion,SamplingTime-2\#ChannelRegularConversion,NbrOfConversionFlag
PB10.GPIO_PuPdOD=GPIO_PULLUP
PB11.GPIO_PuPdOD=GPIO_PULLUP
PC2.Signal=GPXTI2
PC4.Signal=GPIO_Input
ProjectManager.DefaultFWLocation=true
PB12.Locked=true
ProjectManager.DeletePrevious=true
PB14.Locked=true
RCC.APB1CLKDivider=RCC_HCLK_DIV2
SH.S_TIM3_CH3.0=TIM3_CH3,PWM Generation3 CH3
USB_DEVICE.IPParameters=VirtualMode-CDC_FS,VirtualModeFS,CLASS_NAME_FS
NVIC.USART2_IRQn=true\:0\:0\:false\:false\:true\:true\:true
USART2.BaudRate=9600
SH.S_TIM2_CH1_ETR.ConfNb=1
ADC1.SamplingTime-2\#ChannelRegularConversion=ADC_SAMPLETIME_3CYCLES
RCC.FamilyName=M
PA0-WKUP.Signal=ADCx_IN0
PA0-WKUP.Locked=true
PA3.Mode=Asynchronous
PA13.Signal=SYS_JTMS-SWDIO
TIM3.Channel-PWM\ Generation3\ CH3=TIM_CHANNEL_3
PA11.Locked=true
PA9.Mode=Asynchronous
PA15.Locked=true
PB10.GPIO_Mode=GPIO_MODE_AF_OD
PA8.GPIO_Label=BT_RESET
SH.GPXTI2.ConfNb=1
PB11.Mode=I2C
VP_TIM4_VS_ClockSourceINT.Signal=TIM4_VS_ClockSourceINT
ProjectManager.TargetToolchain=STM32CubeIDE
TIM4.IPParameters=Prescaler,Period,TIM_MasterOutputTrigger,Channel-PWM Generation3 CH3
SH.S_TIM3_CH3.ConfNb=1
PB7.GPIOParameters=GPIO_Speed,GPIO_PuPdOD,GPIO_Mode
SH.S_TIM4_CH3.0=TIM4_CH3,PWM Generation3 CH3
Dma.USART1_RX.0.Direction=DMA_PERIPH_TO_MEMORY
VP_USB_DEVICE_VS_USB_DEVICE_CDC_FS.Mode=CDC_FS
PC5.GPIOParameters=GPIO_Label
PA9.Signal=USART1_TX
PB11.GPIOParameters=GPIO_Speed,GPIO_PuPdOD,GPIO_Mode
PB5.Locked=true
SPI2.IPParameters=VirtualType,Mode,Direction,CalculateBaudRate,BaudRatePrescaler
PC2.Locked=true
ProjectManager.RegisterCallBack=
TIM4.Prescaler=32000-1
RCC.LSE_VALUE=32768
PA1.Signal=ADCx_IN1
Dma.USART1_RX.0.PeriphInc=DMA_PINC_DISABLE
PB1.Locked=true
VP_FATFS_VS_Generic.Mode=User_defined
PB10.Signal=I2C2_SCL
SH.S_TIM4_CH3.ConfNb=1
RCC.VCOI2SOutputFreq_Value=384000000
PB14.Signal=SPI2_MISO
PA5.Signal=S_TIM2_CH1_ETR
SH.S_TIM3_CH2.0=TIM3_CH2,PWM Generation2 CH2
board=custom
RCC.VCOOutputFreq_Value=144000000
ProjectManager.LastFirmware=true
PB15.Mode=Full_Duplex_Master
PA4.GPIO_Mode=GPIO_MODE_ANALOG
RCC.APB2Freq_Value=72000000
MxCube.Version=6.2.0
Mcu.Pin37=VP_TIM4_VS_ClockSourceINT
Mcu.Pin38=VP_USB_DEVICE_VS_USB_DEVICE_CDC_FS
Mcu.Pin35=VP_FATFS_VS_Generic
Mcu.Pin36=VP_SYS_VS_Systick
SPI1.Mode=SPI_MODE_MASTER
SH.ADCx_IN0.ConfNb=1
PC2.GPIOParameters=GPIO_Label
Mcu.Pin30=PB4
VP_SYS_VS_Systick.Mode=SysTick
RCC.EthernetFreq_Value=72000000
Mcu.Pin33=PB7
TIM3.IPParameters=Channel-PWM Generation1 CH1,Channel-PWM Generation2 CH2,Channel-PWM Generation3 CH3,Channel-PWM Generation4 CH4,Prescaler,Period
PH1-OSC_OUT.Signal=RCC_OSC_OUT
Mcu.Pin34=PB8
Dma.USART1_RX.0.MemDataAlignment=DMA_MDATAALIGN_BYTE
Mcu.Pin31=PB5
SH.ADCx_IN4.0=ADC1_IN4
Mcu.Pin32=PB6
NVIC.NonMaskableInt_IRQn=true\:0\:0\:false\:false\:true\:false\:false
PA4.GPIOParameters=GPIO_PuPd,GPIO_Mode
TIM2.Period=100-1
PB7.GPIO_PuPdOD=GPIO_PULLUP
PA13.Mode=Serial_Wire
ProjectManager.FreePins=false
RCC.IPParameters=48MHZClocksFreq_Value,AHBFreq_Value,APB1CLKDivider,APB1Freq_Value,APB1TimFreq_Value,APB2Freq_Value,APB2TimFreq_Value,CortexFreq_Value,EthernetFreq_Value,FCLKCortexFreq_Value,FamilyName,HCLKFreq_Value,HSE_VALUE,HSI_VALUE,I2SClocksFreq_Value,LSE_VALUE,LSI_VALUE,MCO2PinFreq_Value,PLLCLKFreq_Value,PLLM,PLLN,PLLQ,PLLQCLKFreq_Value,RTCFreq_Value,RTCHSEDivFreq_Value,SYSCLKFreq_VALUE,SYSCLKSource,VCOI2SOutputFreq_Value,VCOInputFreq_Value,VCOOutputFreq_Value,VcooutputI2S
ProjectManager.AskForMigrate=true
Mcu.Name=STM32F405RGTx
Mcu.Pin26=PA13
Mcu.Pin27=PA14
RCC.RTCHSEDivFreq_Value=8000000
PA2.Signal=USART2_TX
Mcu.Pin24=PA11
ProjectManager.UnderRoot=true
Mcu.Pin25=PA12
Mcu.IP8=SPI2
Mcu.IP9=SYS
Mcu.Pin28=PA15
Mcu.IP6=RCC
Mcu.Pin29=PB3
Mcu.IP7=SPI1
ProjectManager.CoupleFile=true
PB4.Locked=true
RCC.48MHZClocksFreq_Value=48000000
PB3.Signal=SPI1_SCK
PA4.Signal=ADCx_IN4
RCC.SYSCLKFreq_VALUE=72000000
Mcu.Pin22=PA9
PB5.Signal=SPI1_MOSI
Mcu.Pin23=PA10
PA1.Locked=true
Mcu.Pin20=PB15
ADC1.master=1
PA3.Locked=true
Mcu.Pin21=PA8
PA12.Mode=Device_Only
NVIC.ForceEnableDMAVector=true
KeepUserPlacement=false
PC5.GPIO_Label=GPS_NRST
NVIC.MemoryManagement_IRQn=true\:0\:0\:false\:false\:true\:false\:false
PA13.Locked=true
USART1.VirtualMode=VM_ASYNC
ProjectManager.CompilerOptimize=6
PB7.Mode=I2C
PA11.Signal=USB_OTG_FS_DM
SH.S_TIM2_CH1_ETR.0=TIM2_CH1,PWM Generation1 CH1
PA14.Signal=SYS_JTCK-SWCLK
ProjectManager.HeapSize=0x200
Mcu.Pin15=PB10
NVIC.HardFault_IRQn=true\:0\:0\:false\:false\:true\:false\:false
Mcu.Pin16=PB11
Mcu.Pin13=PB0
Mcu.Pin14=PB1
Mcu.Pin19=PB14
SH.S_TIM3_CH1.ConfNb=1
ProjectManager.ComputerToolchain=false
Mcu.Pin17=PB12
RCC.HSI_VALUE=16000000
Mcu.Pin18=PB13
VP_TIM4_VS_ClockSourceINT.Mode=Internal
SH.S_TIM3_CH4.ConfNb=1
RCC.PLLQ=3
NVIC.PriorityGroup=NVIC_PRIORITYGROUP_4
ADC1.NbrOfConversionFlag=1
Mcu.Pin11=PC4
TIM3.Channel-PWM\ Generation2\ CH2=TIM_CHANNEL_2
Mcu.Pin12=PC5
RCC.PLLM=8
RCC.PLLN=72
Mcu.Pin10=PA7
PA2.Mode=Asynchronous
PB8.Signal=S_TIM4_CH3
PB6.GPIO_Speed=GPIO_SPEED_FREQ_VERY_HIGH
RCC.APB1Freq_Value=36000000
PB0.Signal=S_TIM3_CH3
ProjectManager.DeviceId=STM32F405RGTx
PB12.GPIOParameters=GPIO_Label
PB12.Signal=GPIO_Output
ProjectManager.LibraryCopy=1
SH.S_TIM3_CH4.0=TIM3_CH4,PWM Generation4 CH4
PA7.Signal=S_TIM3_CH2
PA6.Locked=true
